// !$*UTF8*$!
{
	archiveVersion = 1;
	classes = {
	};
	objectVersion = 55;
	objects = {

/* Begin PBXBuildFile section */
		B6EFF7162758D61A00308960 /* Hot_ProspectsApp.swift in Sources */ = {isa = PBXBuildFile; fileRef = B6EFF7152758D61A00308960 /* Hot_ProspectsApp.swift */; };
		B6EFF7182758D61A00308960 /* ContentView.swift in Sources */ = {isa = PBXBuildFile; fileRef = B6EFF7172758D61A00308960 /* ContentView.swift */; };
		B6EFF71A2758D61B00308960 /* Assets.xcassets in Resources */ = {isa = PBXBuildFile; fileRef = B6EFF7192758D61B00308960 /* Assets.xcassets */; };
		B6EFF71D2758D61B00308960 /* Preview Assets.xcassets in Resources */ = {isa = PBXBuildFile; fileRef = B6EFF71C2758D61B00308960 /* Preview Assets.xcassets */; };
		B6EFF7272758D61B00308960 /* Hot_ProspectsTests.swift in Sources */ = {isa = PBXBuildFile; fileRef = B6EFF7262758D61B00308960 /* Hot_ProspectsTests.swift */; };
		B6EFF7312758D61C00308960 /* Hot_ProspectsUITests.swift in Sources */ = {isa = PBXBuildFile; fileRef = B6EFF7302758D61C00308960 /* Hot_ProspectsUITests.swift */; };
		B6EFF7332758D61C00308960 /* Hot_ProspectsUITestsLaunchTests.swift in Sources */ = {isa = PBXBuildFile; fileRef = B6EFF7322758D61C00308960 /* Hot_ProspectsUITestsLaunchTests.swift */; };
		B6EFF741275A29CE00308960 /* SamplePackage in Frameworks */ = {isa = PBXBuildFile; productRef = B6EFF740275A29CE00308960 /* SamplePackage */; };
		B6EFF743275A2FB400308960 /* ProspectView.swift in Sources */ = {isa = PBXBuildFile; fileRef = B6EFF742275A2FB400308960 /* ProspectView.swift */; };
		B6EFF745275A2FB900308960 /* MeView.swift in Sources */ = {isa = PBXBuildFile; fileRef = B6EFF744275A2FB900308960 /* MeView.swift */; };
		B6EFF747275A33E200308960 /* Prospect.swift in Sources */ = {isa = PBXBuildFile; fileRef = B6EFF746275A33E200308960 /* Prospect.swift */; };
/* End PBXBuildFile section */

/* Begin PBXContainerItemProxy section */
		B6EFF7232758D61B00308960 /* PBXContainerItemProxy */ = {
			isa = PBXContainerItemProxy;
			containerPortal = B6EFF70A2758D61A00308960 /* Project object */;
			proxyType = 1;
			remoteGlobalIDString = B6EFF7112758D61A00308960;
			remoteInfo = "Hot Prospects";
		};
		B6EFF72D2758D61C00308960 /* PBXContainerItemProxy */ = {
			isa = PBXContainerItemProxy;
			containerPortal = B6EFF70A2758D61A00308960 /* Project object */;
			proxyType = 1;
			remoteGlobalIDString = B6EFF7112758D61A00308960;
			remoteInfo = "Hot Prospects";
		};
/* End PBXContainerItemProxy section */

/* Begin PBXFileReference section */
		B6EFF7122758D61A00308960 /* Hot Prospects.app */ = {isa = PBXFileReference; explicitFileType = wrapper.application; includeInIndex = 0; path = "Hot Prospects.app"; sourceTree = BUILT_PRODUCTS_DIR; };
		B6EFF7152758D61A00308960 /* Hot_ProspectsApp.swift */ = {isa = PBXFileReference; lastKnownFileType = sourcecode.swift; path = Hot_ProspectsApp.swift; sourceTree = "<group>"; };
		B6EFF7172758D61A00308960 /* ContentView.swift */ = {isa = PBXFileReference; lastKnownFileType = sourcecode.swift; path = ContentView.swift; sourceTree = "<group>"; };
		B6EFF7192758D61B00308960 /* Assets.xcassets */ = {isa = PBXFileReference; lastKnownFileType = folder.assetcatalog; path = Assets.xcassets; sourceTree = "<group>"; };
		B6EFF71C2758D61B00308960 /* Preview Assets.xcassets */ = {isa = PBXFileReference; lastKnownFileType = folder.assetcatalog; path = "Preview Assets.xcassets"; sourceTree = "<group>"; };
		B6EFF7222758D61B00308960 /* Hot ProspectsTests.xctest */ = {isa = PBXFileReference; explicitFileType = wrapper.cfbundle; includeInIndex = 0; path = "Hot ProspectsTests.xctest"; sourceTree = BUILT_PRODUCTS_DIR; };
		B6EFF7262758D61B00308960 /* Hot_ProspectsTests.swift */ = {isa = PBXFileReference; lastKnownFileType = sourcecode.swift; path = Hot_ProspectsTests.swift; sourceTree = "<group>"; };
		B6EFF72C2758D61C00308960 /* Hot ProspectsUITests.xctest */ = {isa = PBXFileReference; explicitFileType = wrapper.cfbundle; includeInIndex = 0; path = "Hot ProspectsUITests.xctest"; sourceTree = BUILT_PRODUCTS_DIR; };
		B6EFF7302758D61C00308960 /* Hot_ProspectsUITests.swift */ = {isa = PBXFileReference; lastKnownFileType = sourcecode.swift; path = Hot_ProspectsUITests.swift; sourceTree = "<group>"; };
		B6EFF7322758D61C00308960 /* Hot_ProspectsUITestsLaunchTests.swift */ = {isa = PBXFileReference; lastKnownFileType = sourcecode.swift; path = Hot_ProspectsUITestsLaunchTests.swift; sourceTree = "<group>"; };
		B6EFF742275A2FB400308960 /* ProspectView.swift */ = {isa = PBXFileReference; lastKnownFileType = sourcecode.swift; path = ProspectView.swift; sourceTree = "<group>"; };
		B6EFF744275A2FB900308960 /* MeView.swift */ = {isa = PBXFileReference; lastKnownFileType = sourcecode.swift; path = MeView.swift; sourceTree = "<group>"; };
		B6EFF746275A33E200308960 /* Prospect.swift */ = {isa = PBXFileReference; lastKnownFileType = sourcecode.swift; path = Prospect.swift; sourceTree = "<group>"; };
/* End PBXFileReference section */

/* Begin PBXFrameworksBuildPhase section */
		B6EFF70F2758D61A00308960 /* Frameworks */ = {
			isa = PBXFrameworksBuildPhase;
			buildActionMask = 2147483647;
			files = (
				B6EFF741275A29CE00308960 /* SamplePackage in Frameworks */,
			);
			runOnlyForDeploymentPostprocessing = 0;
		};
		B6EFF71F2758D61B00308960 /* Frameworks */ = {
			isa = PBXFrameworksBuildPhase;
			buildActionMask = 2147483647;
			files = (
			);
			runOnlyForDeploymentPostprocessing = 0;
		};
		B6EFF7292758D61C00308960 /* Frameworks */ = {
			isa = PBXFrameworksBuildPhase;
			buildActionMask = 2147483647;
			files = (
			);
			runOnlyForDeploymentPostprocessing = 0;
		};
/* End PBXFrameworksBuildPhase section */

/* Begin PBXGroup section */
		B6EFF7092758D61A00308960 = {
			isa = PBXGroup;
			children = (
				B6EFF7142758D61A00308960 /* Hot Prospects */,
				B6EFF7252758D61B00308960 /* Hot ProspectsTests */,
				B6EFF72F2758D61C00308960 /* Hot ProspectsUITests */,
				B6EFF7132758D61A00308960 /* Products */,
			);
			sourceTree = "<group>";
		};
		B6EFF7132758D61A00308960 /* Products */ = {
			isa = PBXGroup;
			children = (
				B6EFF7122758D61A00308960 /* Hot Prospects.app */,
				B6EFF7222758D61B00308960 /* Hot ProspectsTests.xctest */,
				B6EFF72C2758D61C00308960 /* Hot ProspectsUITests.xctest */,
			);
			name = Products;
			sourceTree = "<group>";
		};
		B6EFF7142758D61A00308960 /* Hot Prospects */ = {
			isa = PBXGroup;
			children = (
				B6EFF7152758D61A00308960 /* Hot_ProspectsApp.swift */,
				B6EFF7172758D61A00308960 /* ContentView.swift */,
				B6EFF742275A2FB400308960 /* ProspectView.swift */,
				B6EFF746275A33E200308960 /* Prospect.swift */,
				B6EFF744275A2FB900308960 /* MeView.swift */,
				B6EFF7192758D61B00308960 /* Assets.xcassets */,
				B6EFF71B2758D61B00308960 /* Preview Content */,
			);
			path = "Hot Prospects";
			sourceTree = "<group>";
		};
		B6EFF71B2758D61B00308960 /* Preview Content */ = {
			isa = PBXGroup;
			children = (
				B6EFF71C2758D61B00308960 /* Preview Assets.xcassets */,
			);
			path = "Preview Content";
			sourceTree = "<group>";
		};
		B6EFF7252758D61B00308960 /* Hot ProspectsTests */ = {
			isa = PBXGroup;
			children = (
				B6EFF7262758D61B00308960 /* Hot_ProspectsTests.swift */,
			);
			path = "Hot ProspectsTests";
			sourceTree = "<group>";
		};
		B6EFF72F2758D61C00308960 /* Hot ProspectsUITests */ = {
			isa = PBXGroup;
			children = (
				B6EFF7302758D61C00308960 /* Hot_ProspectsUITests.swift */,
				B6EFF7322758D61C00308960 /* Hot_ProspectsUITestsLaunchTests.swift */,
			);
			path = "Hot ProspectsUITests";
			sourceTree = "<group>";
		};
/* End PBXGroup section */

/* Begin PBXNativeTarget section */
		B6EFF7112758D61A00308960 /* Hot Prospects */ = {
			isa = PBXNativeTarget;
			buildConfigurationList = B6EFF7362758D61C00308960 /* Build configuration list for PBXNativeTarget "Hot Prospects" */;
			buildPhases = (
				B6EFF70E2758D61A00308960 /* Sources */,
				B6EFF70F2758D61A00308960 /* Frameworks */,
				B6EFF7102758D61A00308960 /* Resources */,
			);
			buildRules = (
			);
			dependencies = (
			);
			name = "Hot Prospects";
			packageProductDependencies = (
				B6EFF740275A29CE00308960 /* SamplePackage */,
			);
			productName = "Hot Prospects";
			productReference = B6EFF7122758D61A00308960 /* Hot Prospects.app */;
			productType = "com.apple.product-type.application";
		};
		B6EFF7212758D61B00308960 /* Hot ProspectsTests */ = {
			isa = PBXNativeTarget;
			buildConfigurationList = B6EFF7392758D61C00308960 /* Build configuration list for PBXNativeTarget "Hot ProspectsTests" */;
			buildPhases = (
				B6EFF71E2758D61B00308960 /* Sources */,
				B6EFF71F2758D61B00308960 /* Frameworks */,
				B6EFF7202758D61B00308960 /* Resources */,
			);
			buildRules = (
			);
			dependencies = (
				B6EFF7242758D61B00308960 /* PBXTargetDependency */,
			);
			name = "Hot ProspectsTests";
			productName = "Hot ProspectsTests";
			productReference = B6EFF7222758D61B00308960 /* Hot ProspectsTests.xctest */;
			productType = "com.apple.product-type.bundle.unit-test";
		};
		B6EFF72B2758D61C00308960 /* Hot ProspectsUITests */ = {
			isa = PBXNativeTarget;
			buildConfigurationList = B6EFF73C2758D61C00308960 /* Build configuration list for PBXNativeTarget "Hot ProspectsUITests" */;
			buildPhases = (
				B6EFF7282758D61C00308960 /* Sources */,
				B6EFF7292758D61C00308960 /* Frameworks */,
				B6EFF72A2758D61C00308960 /* Resources */,
			);
			buildRules = (
			);
			dependencies = (
				B6EFF72E2758D61C00308960 /* PBXTargetDependency */,
			);
			name = "Hot ProspectsUITests";
			productName = "Hot ProspectsUITests";
			productReference = B6EFF72C2758D61C00308960 /* Hot ProspectsUITests.xctest */;
			productType = "com.apple.product-type.bundle.ui-testing";
		};
/* End PBXNativeTarget section */

/* Begin PBXProject section */
		B6EFF70A2758D61A00308960 /* Project object */ = {
			isa = PBXProject;
			attributes = {
				BuildIndependentTargetsInParallel = 1;
				LastSwiftUpdateCheck = 1310;
				LastUpgradeCheck = 1310;
				TargetAttributes = {
					B6EFF7112758D61A00308960 = {
						CreatedOnToolsVersion = 13.1;
					};
					B6EFF7212758D61B00308960 = {
						CreatedOnToolsVersion = 13.1;
						TestTargetID = B6EFF7112758D61A00308960;
					};
					B6EFF72B2758D61C00308960 = {
						CreatedOnToolsVersion = 13.1;
						TestTargetID = B6EFF7112758D61A00308960;
					};
				};
			};
			buildConfigurationList = B6EFF70D2758D61A00308960 /* Build configuration list for PBXProject "Hot Prospects" */;
			compatibilityVersion = "Xcode 13.0";
			developmentRegion = en;
			hasScannedForEncodings = 0;
			knownRegions = (
				en,
				Base,
			);
			mainGroup = B6EFF7092758D61A00308960;
			packageReferences = (
				B6EFF73F275A29CE00308960 /* XCRemoteSwiftPackageReference "SamplePackage" */,
			);
			productRefGroup = B6EFF7132758D61A00308960 /* Products */;
			projectDirPath = "";
			projectRoot = "";
			targets = (
				B6EFF7112758D61A00308960 /* Hot Prospects */,
				B6EFF7212758D61B00308960 /* Hot ProspectsTests */,
				B6EFF72B2758D61C00308960 /* Hot ProspectsUITests */,
			);
		};
/* End PBXProject section */

/* Begin PBXResourcesBuildPhase section */
		B6EFF7102758D61A00308960 /* Resources */ = {
			isa = PBXResourcesBuildPhase;
			buildActionMask = 2147483647;
			files = (
				B6EFF71D2758D61B00308960 /* Preview Assets.xcassets in Resources */,
				B6EFF71A2758D61B00308960 /* Assets.xcassets in Resources */,
			);
			runOnlyForDeploymentPostprocessing = 0;
		};
		B6EFF7202758D61B00308960 /* Resources */ = {
			isa = PBXResourcesBuildPhase;
			buildActionMask = 2147483647;
			files = (
			);
			runOnlyForDeploymentPostprocessing = 0;
		};
		B6EFF72A2758D61C00308960 /* Resources */ = {
			isa = PBXResourcesBuildPhase;
			buildActionMask = 2147483647;
			files = (
			);
			runOnlyForDeploymentPostprocessing = 0;
		};
/* End PBXResourcesBuildPhase section */

/* Begin PBXSourcesBuildPhase section */
		B6EFF70E2758D61A00308960 /* Sources */ = {
			isa = PBXSourcesBuildPhase;
			buildActionMask = 2147483647;
			files = (
				B6EFF745275A2FB900308960 /* MeView.swift in Sources */,
				B6EFF747275A33E200308960 /* Prospect.swift in Sources */,
				B6EFF743275A2FB400308960 /* ProspectView.swift in Sources */,
				B6EFF7182758D61A00308960 /* ContentView.swift in Sources */,
				B6EFF7162758D61A00308960 /* Hot_ProspectsApp.swift in Sources */,
			);
			runOnlyForDeploymentPostprocessing = 0;
		};
		B6EFF71E2758D61B00308960 /* Sources */ = {
			isa = PBXSourcesBuildPhase;
			buildActionMask = 2147483647;
			files = (
				B6EFF7272758D61B00308960 /* Hot_ProspectsTests.swift in Sources */,
			);
			runOnlyForDeploymentPostprocessing = 0;
		};
		B6EFF7282758D61C00308960 /* Sources */ = {
			isa = PBXSourcesBuildPhase;
			buildActionMask = 2147483647;
			files = (
				B6EFF7332758D61C00308960 /* Hot_ProspectsUITestsLaunchTests.swift in Sources */,
				B6EFF7312758D61C00308960 /* Hot_ProspectsUITests.swift in Sources */,
			);
			runOnlyForDeploymentPostprocessing = 0;
		};
/* End PBXSourcesBuildPhase section */

/* Begin PBXTargetDependency section */
		B6EFF7242758D61B00308960 /* PBXTargetDependency */ = {
			isa = PBXTargetDependency;
			target = B6EFF7112758D61A00308960 /* Hot Prospects */;
			targetProxy = B6EFF7232758D61B00308960 /* PBXContainerItemProxy */;
		};
		B6EFF72E2758D61C00308960 /* PBXTargetDependency */ = {
			isa = PBXTargetDependency;
			target = B6EFF7112758D61A00308960 /* Hot Prospects */;
			targetProxy = B6EFF72D2758D61C00308960 /* PBXContainerItemProxy */;
		};
/* End PBXTargetDependency section */

/* Begin XCBuildConfiguration section */
		B6EFF7342758D61C00308960 /* Debug */ = {
			isa = XCBuildConfiguration;
			buildSettings = {
				ALWAYS_SEARCH_USER_PATHS = NO;
				CLANG_ANALYZER_NONNULL = YES;
				CLANG_ANALYZER_NUMBER_OBJECT_CONVERSION = YES_AGGRESSIVE;
				CLANG_CXX_LANGUAGE_STANDARD = "gnu++17";
				CLANG_CXX_LIBRARY = "libc++";
				CLANG_ENABLE_MODULES = YES;
				CLANG_ENABLE_OBJC_ARC = YES;
				CLANG_ENABLE_OBJC_WEAK = YES;
				CLANG_WARN_BLOCK_CAPTURE_AUTORELEASING = YES;
				CLANG_WARN_BOOL_CONVERSION = YES;
				CLANG_WARN_COMMA = YES;
				CLANG_WARN_CONSTANT_CONVERSION = YES;
				CLANG_WARN_DEPRECATED_OBJC_IMPLEMENTATIONS = YES;
				CLANG_WARN_DIRECT_OBJC_ISA_USAGE = YES_ERROR;
				CLANG_WARN_DOCUMENTATION_COMMENTS = YES;
				CLANG_WARN_EMPTY_BODY = YES;
				CLANG_WARN_ENUM_CONVERSION = YES;
				CLANG_WARN_INFINITE_RECURSION = YES;
				CLANG_WARN_INT_CONVERSION = YES;
				CLANG_WARN_NON_LITERAL_NULL_CONVERSION = YES;
				CLANG_WARN_OBJC_IMPLICIT_RETAIN_SELF = YES;
				CLANG_WARN_OBJC_LITERAL_CONVERSION = YES;
				CLANG_WARN_OBJC_ROOT_CLASS = YES_ERROR;
				CLANG_WARN_QUOTED_INCLUDE_IN_FRAMEWORK_HEADER = YES;
				CLANG_WARN_RANGE_LOOP_ANALYSIS = YES;
				CLANG_WARN_STRICT_PROTOTYPES = YES;
				CLANG_WARN_SUSPICIOUS_MOVE = YES;
				CLANG_WARN_UNGUARDED_AVAILABILITY = YES_AGGRESSIVE;
				CLANG_WARN_UNREACHABLE_CODE = YES;
				CLANG_WARN__DUPLICATE_METHOD_MATCH = YES;
				COPY_PHASE_STRIP = NO;
				DEBUG_INFORMATION_FORMAT = dwarf;
				ENABLE_STRICT_OBJC_MSGSEND = YES;
				ENABLE_TESTABILITY = YES;
				GCC_C_LANGUAGE_STANDARD = gnu11;
				GCC_DYNAMIC_NO_PIC = NO;
				GCC_NO_COMMON_BLOCKS = YES;
				GCC_OPTIMIZATION_LEVEL = 0;
				GCC_PREPROCESSOR_DEFINITIONS = (
					"DEBUG=1",
					"$(inherited)",
				);
				GCC_WARN_64_TO_32_BIT_CONVERSION = YES;
				GCC_WARN_ABOUT_RETURN_TYPE = YES_ERROR;
				GCC_WARN_UNDECLARED_SELECTOR = YES;
				GCC_WARN_UNINITIALIZED_AUTOS = YES_AGGRESSIVE;
				GCC_WARN_UNUSED_FUNCTION = YES;
				GCC_WARN_UNUSED_VARIABLE = YES;
				IPHONEOS_DEPLOYMENT_TARGET = 15.0;
				MTL_ENABLE_DEBUG_INFO = INCLUDE_SOURCE;
				MTL_FAST_MATH = YES;
				ONLY_ACTIVE_ARCH = YES;
				SDKROOT = iphoneos;
				SWIFT_ACTIVE_COMPILATION_CONDITIONS = DEBUG;
				SWIFT_OPTIMIZATION_LEVEL = "-Onone";
			};
			name = Debug;
		};
		B6EFF7352758D61C00308960 /* Release */ = {
			isa = XCBuildConfiguration;
			buildSettings = {
				ALWAYS_SEARCH_USER_PATHS = NO;
				CLANG_ANALYZER_NONNULL = YES;
				CLANG_ANALYZER_NUMBER_OBJECT_CONVERSION = YES_AGGRESSIVE;
				CLANG_CXX_LANGUAGE_STANDARD = "gnu++17";
				CLANG_CXX_LIBRARY = "libc++";
				CLANG_ENABLE_MODULES = YES;
				CLANG_ENABLE_OBJC_ARC = YES;
				CLANG_ENABLE_OBJC_WEAK = YES;
				CLANG_WARN_BLOCK_CAPTURE_AUTORELEASING = YES;
				CLANG_WARN_BOOL_CONVERSION = YES;
				CLANG_WARN_COMMA = YES;
				CLANG_WARN_CONSTANT_CONVERSION = YES;
				CLANG_WARN_DEPRECATED_OBJC_IMPLEMENTATIONS = YES;
				CLANG_WARN_DIRECT_OBJC_ISA_USAGE = YES_ERROR;
				CLANG_WARN_DOCUMENTATION_COMMENTS = YES;
				CLANG_WARN_EMPTY_BODY = YES;
				CLANG_WARN_ENUM_CONVERSION = YES;
				CLANG_WARN_INFINITE_RECURSION = YES;
				CLANG_WARN_INT_CONVERSION = YES;
				CLANG_WARN_NON_LITERAL_NULL_CONVERSION = YES;
				CLANG_WARN_OBJC_IMPLICIT_RETAIN_SELF = YES;
				CLANG_WARN_OBJC_LITERAL_CONVERSION = YES;
				CLANG_WARN_OBJC_ROOT_CLASS = YES_ERROR;
				CLANG_WARN_QUOTED_INCLUDE_IN_FRAMEWORK_HEADER = YES;
				CLANG_WARN_RANGE_LOOP_ANALYSIS = YES;
				CLANG_WARN_STRICT_PROTOTYPES = YES;
				CLANG_WARN_SUSPICIOUS_MOVE = YES;
				CLANG_WARN_UNGUARDED_AVAILABILITY = YES_AGGRESSIVE;
				CLANG_WARN_UNREACHABLE_CODE = YES;
				CLANG_WARN__DUPLICATE_METHOD_MATCH = YES;
				COPY_PHASE_STRIP = NO;
				DEBUG_INFORMATION_FORMAT = "dwarf-with-dsym";
				ENABLE_NS_ASSERTIONS = NO;
				ENABLE_STRICT_OBJC_MSGSEND = YES;
				GCC_C_LANGUAGE_STANDARD = gnu11;
				GCC_NO_COMMON_BLOCKS = YES;
				GCC_WARN_64_TO_32_BIT_CONVERSION = YES;
				GCC_WARN_ABOUT_RETURN_TYPE = YES_ERROR;
				GCC_WARN_UNDECLARED_SELECTOR = YES;
				GCC_WARN_UNINITIALIZED_AUTOS = YES_AGGRESSIVE;
				GCC_WARN_UNUSED_FUNCTION = YES;
				GCC_WARN_UNUSED_VARIABLE = YES;
				IPHONEOS_DEPLOYMENT_TARGET = 15.0;
				MTL_ENABLE_DEBUG_INFO = NO;
				MTL_FAST_MATH = YES;
				SDKROOT = iphoneos;
				SWIFT_COMPILATION_MODE = wholemodule;
				SWIFT_OPTIMIZATION_LEVEL = "-O";
				VALIDATE_PRODUCT = YES;
			};
			name = Release;
		};
		B6EFF7372758D61C00308960 /* Debug */ = {
			isa = XCBuildConfiguration;
			buildSettings = {
				ASSETCATALOG_COMPILER_APPICON_NAME = AppIcon;
				ASSETCATALOG_COMPILER_GLOBAL_ACCENT_COLOR_NAME = AccentColor;
				CODE_SIGN_STYLE = Automatic;
				CURRENT_PROJECT_VERSION = 1;
				DEVELOPMENT_ASSET_PATHS = "\"Hot Prospects/Preview Content\"";
				DEVELOPMENT_TEAM = 2FRR58PFB2;
				ENABLE_PREVIEWS = YES;
				GENERATE_INFOPLIST_FILE = YES;
				INFOPLIST_KEY_UIApplicationSceneManifest_Generation = YES;
				INFOPLIST_KEY_UIApplicationSupportsIndirectInputEvents = YES;
				INFOPLIST_KEY_UILaunchScreen_Generation = YES;
				INFOPLIST_KEY_UISupportedInterfaceOrientations_iPad = "UIInterfaceOrientationPortrait UIInterfaceOrientationPortraitUpsideDown UIInterfaceOrientationLandscapeLeft UIInterfaceOrientationLandscapeRight";
				INFOPLIST_KEY_UISupportedInterfaceOrientations_iPhone = "UIInterfaceOrientationPortrait UIInterfaceOrientationLandscapeLeft UIInterfaceOrientationLandscapeRight";
				LD_RUNPATH_SEARCH_PATHS = (
					"$(inherited)",
					"@executable_path/Frameworks",
				);
				MARKETING_VERSION = 1.0;
				PRODUCT_BUNDLE_IDENTIFIER = "com.yashpoojary.Hot-Prospects";
				PRODUCT_NAME = "$(TARGET_NAME)";
				SWIFT_EMIT_LOC_STRINGS = YES;
				SWIFT_VERSION = 5.0;
				TARGETED_DEVICE_FAMILY = "1,2";
			};
			name = Debug;
		};
		B6EFF7382758D61C00308960 /* Release */ = {
			isa = XCBuildConfiguration;
			buildSettings = {
				ASSETCATALOG_COMPILER_APPICON_NAME = AppIcon;
				ASSETCATALOG_COMPILER_GLOBAL_ACCENT_COLOR_NAME = AccentColor;
				CODE_SIGN_STYLE = Automatic;
				CURRENT_PROJECT_VERSION = 1;
				DEVELOPMENT_ASSET_PATHS = "\"Hot Prospects/Preview Content\"";
				DEVELOPMENT_TEAM = 2FRR58PFB2;
				ENABLE_PREVIEWS = YES;
				GENERATE_INFOPLIST_FILE = YES;
				INFOPLIST_KEY_UIApplicationSceneManifest_Generation = YES;
				INFOPLIST_KEY_UIApplicationSupportsIndirectInputEvents = YES;
				INFOPLIST_KEY_UILaunchScreen_Generation = YES;
				INFOPLIST_KEY_UISupportedInterfaceOrientations_iPad = "UIInterfaceOrientationPortrait UIInterfaceOrientationPortraitUpsideDown UIInterfaceOrientationLandscapeLeft UIInterfaceOrientationLandscapeRight";
				INFOPLIST_KEY_UISupportedInterfaceOrientations_iPhone = "UIInterfaceOrientationPortrait UIInterfaceOrientationLandscapeLeft UIInterfaceOrientationLandscapeRight";
				LD_RUNPATH_SEARCH_PATHS = (
					"$(inherited)",
					"@executable_path/Frameworks",
				);
				MARKETING_VERSION = 1.0;
				PRODUCT_BUNDLE_IDENTIFIER = "com.yashpoojary.Hot-Prospects";
				PRODUCT_NAME = "$(TARGET_NAME)";
				SWIFT_EMIT_LOC_STRINGS = YES;
				SWIFT_VERSION = 5.0;
				TARGETED_DEVICE_FAMILY = "1,2";
			};
			name = Release;
		};
		B6EFF73A2758D61C00308960 /* Debug */ = {
			isa = XCBuildConfiguration;
			buildSettings = {
				ALWAYS_EMBED_SWIFT_STANDARD_LIBRARIES = YES;
				BUNDLE_LOADER = "$(TEST_HOST)";
				CODE_SIGN_STYLE = Automatic;
				CURRENT_PROJECT_VERSION = 1;
				DEVELOPMENT_TEAM = 2FRR58PFB2;
				GENERATE_INFOPLIST_FILE = YES;
				IPHONEOS_DEPLOYMENT_TARGET = 15.0;
				LD_RUNPATH_SEARCH_PATHS = (
					"$(inherited)",
					"@executable_path/Frameworks",
					"@loader_path/Frameworks",
				);
				MARKETING_VERSION = 1.0;
				PRODUCT_BUNDLE_IDENTIFIER = "com.yashpoojary.Hot-ProspectsTests";
				PRODUCT_NAME = "$(TARGET_NAME)";
				SWIFT_EMIT_LOC_STRINGS = NO;
				SWIFT_VERSION = 5.0;
				TARGETED_DEVICE_FAMILY = "1,2";
				TEST_HOST = "$(BUILT_PRODUCTS_DIR)/Hot Prospects.app/Hot Prospects";
			};
			name = Debug;
		};
		B6EFF73B2758D61C00308960 /* Release */ = {
			isa = XCBuildConfiguration;
			buildSettings = {
				ALWAYS_EMBED_SWIFT_STANDARD_LIBRARIES = YES;
				BUNDLE_LOADER = "$(TEST_HOST)";
				CODE_SIGN_STYLE = Automatic;
				CURRENT_PROJECT_VERSION = 1;
				DEVELOPMENT_TEAM = 2FRR58PFB2;
				GENERATE_INFOPLIST_FILE = YES;
				IPHONEOS_DEPLOYMENT_TARGET = 15.0;
				LD_RUNPATH_SEARCH_PATHS = (
					"$(inherited)",
					"@executable_path/Frameworks",
					"@loader_path/Frameworks",
				);
				MARKETING_VERSION = 1.0;
				PRODUCT_BUNDLE_IDENTIFIER = "com.yashpoojary.Hot-ProspectsTests";
				PRODUCT_NAME = "$(TARGET_NAME)";
				SWIFT_EMIT_LOC_STRINGS = NO;
				SWIFT_VERSION = 5.0;
				TARGETED_DEVICE_FAMILY = "1,2";
				TEST_HOST = "$(BUILT_PRODUCTS_DIR)/Hot Prospects.app/Hot Prospects";
			};
			name = Release;
		};
		B6EFF73D2758D61C00308960 /* Debug */ = {
			isa = XCBuildConfiguration;
			buildSettings = {
				ALWAYS_EMBED_SWIFT_STANDARD_LIBRARIES = YES;
				CODE_SIGN_STYLE = Automatic;
				CURRENT_PROJECT_VERSION = 1;
				DEVELOPMENT_TEAM = 2FRR58PFB2;
				GENERATE_INFOPLIST_FILE = YES;
				LD_RUNPATH_SEARCH_PATHS = (
					"$(inherited)",
					"@executable_path/Frameworks",
					"@loader_path/Frameworks",
				);
				MARKETING_VERSION = 1.0;
				PRODUCT_BUNDLE_IDENTIFIER = "com.yashpoojary.Hot-ProspectsUITests";
				PRODUCT_NAME = "$(TARGET_NAME)";
				SWIFT_EMIT_LOC_STRINGS = NO;
				SWIFT_VERSION = 5.0;
				TARGETED_DEVICE_FAMILY = "1,2";
				TEST_TARGET_NAME = "Hot Prospects";
			};
			name = Debug;
		};
		B6EFF73E2758D61C00308960 /* Release */ = {
			isa = XCBuildConfiguration;
			buildSettings = {
				ALWAYS_EMBED_SWIFT_STANDARD_LIBRARIES = YES;
				CODE_SIGN_STYLE = Automatic;
				CURRENT_PROJECT_VERSION = 1;
				DEVELOPMENT_TEAM = 2FRR58PFB2;
				GENERATE_INFOPLIST_FILE = YES;
				LD_RUNPATH_SEARCH_PATHS = (
					"$(inherited)",
					"@executable_path/Frameworks",
					"@loader_path/Frameworks",
				);
				MARKETING_VERSION = 1.0;
				PRODUCT_BUNDLE_IDENTIFIER = "com.yashpoojary.Hot-ProspectsUITests";
				PRODUCT_NAME = "$(TARGET_NAME)";
				SWIFT_EMIT_LOC_STRINGS = NO;
				SWIFT_VERSION = 5.0;
				TARGETED_DEVICE_FAMILY = "1,2";
				TEST_TARGET_NAME = "Hot Prospects";
			};
			name = Release;
		};
/* End XCBuildConfiguration section */

/* Begin XCConfigurationList section */
		B6EFF70D2758D61A00308960 /* Build configuration list for PBXProject "Hot Prospects" */ = {
			isa = XCConfigurationList;
			buildConfigurations = (
				B6EFF7342758D61C00308960 /* Debug */,
				B6EFF7352758D61C00308960 /* Release */,
			);
			defaultConfigurationIsVisible = 0;
			defaultConfigurationName = Release;
		};
		B6EFF7362758D61C00308960 /* Build configuration list for PBXNativeTarget "Hot Prospects" */ = {
			isa = XCConfigurationList;
			buildConfigurations = (
				B6EFF7372758D61C00308960 /* Debug */,
				B6EFF7382758D61C00308960 /* Release */,
			);
			defaultConfigurationIsVisible = 0;
			defaultConfigurationName = Release;
		};
		B6EFF7392758D61C00308960 /* Build configuration list for PBXNativeTarget "Hot ProspectsTests" */ = {
			isa = XCConfigurationList;
			buildConfigurations = (
				B6EFF73A2758D61C00308960 /* Debug */,
				B6EFF73B2758D61C00308960 /* Release */,
			);
			defaultConfigurationIsVisible = 0;
			defaultConfigurationName = Release;
		};
		B6EFF73C2758D61C00308960 /* Build configuration list for PBXNativeTarget "Hot ProspectsUITests" */ = {
			isa = XCConfigurationList;
			buildConfigurations = (
				B6EFF73D2758D61C00308960 /* Debug */,
				B6EFF73E2758D61C00308960 /* Release */,
			);
			defaultConfigurationIsVisible = 0;
			defaultConfigurationName = Release;
		};
/* End XCConfigurationList section */

/* Begin XCRemoteSwiftPackageReference section */
		B6EFF73F275A29CE00308960 /* XCRemoteSwiftPackageReference "SamplePackage" */ = {
			isa = XCRemoteSwiftPackageReference;
			repositoryURL = "https://github.com/twostraws/SamplePackage";
			requirement = {
				kind = upToNextMajorVersion;
				minimumVersion = 1.0.0;
			};
		};
/* End XCRemoteSwiftPackageReference section */

/* Begin XCSwiftPackageProductDependency section */
		B6EFF740275A29CE00308960 /* SamplePackage */ = {
			isa = XCSwiftPackageProductDependency;
			package = B6EFF73F275A29CE00308960 /* XCRemoteSwiftPackageReference "SamplePackage" */;
			productName = SamplePackage;
		};
/* End XCSwiftPackageProductDependency section */
	};
	rootObject = B6EFF70A2758D61A00308960 /* Project object */;
}
